
Microsoft Visual Studio Solution File, Format Version 12.00
# Visual Studio 2013
VisualStudioVersion = 12.0.21005.1
MinimumVisualStudioVersion = 10.0.40219.1
Project("{FAE04EC0-301F-11D3-BF4B-00C04F79EFBC}") = "ERIMS_Sonic_ReportScheduler", "ERIMS_Sonic_ReportScheduler\ERIMS_Sonic_ReportScheduler.csproj", "{873668A3-CF20-455D-8E66-E1085F88B5FE}"
EndProject
Project("{54435603-DBB4-11D2-8724-00A0C9A8B90C}") = "ERIMS_Sonic_ReportSchedulerSetup", "ERIMS_Sonic_ReportSchedulerSetup\ERIMS_Sonic_ReportSchedulerSetup.vdproj", "{EAE98DC6-F882-4587-A9AB-8BD7B1A017C2}"
EndProject
Project("{E24C65DC-7377-472B-9ABA-BC803B73C61A}") = "eRIMS_SonicWeb", "http://localhost/eRIMS_SonicWeb", "{F0379B88-4EA0-4DB4-834C-74555193CD80}"
	ProjectSection(WebsiteProperties) = preProject
		SccProjectName = "Svn"
		SccAuxPath = "Svn"
		SccLocalPath = "Svn"
		SccProvider = "SubversionScc"
		UseIISExpress = "false"
		TargetFrameworkMoniker = ".NETFramework,Version%3Dv2.0"
		Debug.AspNetCompiler.VirtualPath = "/eRIMS_SonicWeb"
		Debug.AspNetCompiler.PhysicalPath = "eRIMS_SONICWeb\"
		Debug.AspNetCompiler.TargetPath = "PrecompiledWeb\eRIMS_SonicWeb\"
		Debug.AspNetCompiler.Updateable = "true"
		Debug.AspNetCompiler.ForceOverwrite = "true"
		Debug.AspNetCompiler.FixedNames = "false"
		Debug.AspNetCompiler.Debug = "True"
		Release.AspNetCompiler.VirtualPath = "/eRIMS_SonicWeb"
		Release.AspNetCompiler.PhysicalPath = "eRIMS_SONICWeb\"
		Release.AspNetCompiler.TargetPath = "PrecompiledWeb\eRIMS_SonicWeb\"
		Release.AspNetCompiler.Updateable = "true"
		Release.AspNetCompiler.ForceOverwrite = "true"
		Release.AspNetCompiler.FixedNames = "false"
		Release.AspNetCompiler.Debug = "False"
		SlnRelativePath = "eRIMS_SONICWeb\"
		DefaultWebSiteLanguage = "Visual C#"
	EndProjectSection
	ProjectSection(SvnOrigin) = preProject
		@Keys = Enlist,Svn.Uri
		Enlist = Required
		Svn.Uri = eRims_SonicWeb/
	EndProjectSection
EndProject
Project("{FAE04EC0-301F-11D3-BF4B-00C04F79EFBC}") = "eRIMS_Sonic_PurchasingMails", "eRIMS_Sonic_PurchasingMails\eRIMS_Sonic_PurchasingMails.csproj", "{F5B9501E-93C3-4765-BD5E-0D54D9499267}"
EndProject
Project("{54435603-DBB4-11D2-8724-00A0C9A8B90C}") = "eRIMS_Sonic_PurchasingMailSetup", "eRIMS_Sonic_PurchasingMailSetup\eRIMS_Sonic_PurchasingMailSetup.vdproj", "{6E950118-238A-48FF-8F70-E023CCC1EC65}"
EndProject
Project("{FAE04EC0-301F-11D3-BF4B-00C04F79EFBC}") = "eRIMS_Sonic_PurchasingMailsController", "eRIMS_Sonic_PurchasingMailsController\eRIMS_Sonic_PurchasingMailsController.csproj", "{8279DDEC-C655-4C5A-B894-123527C085FA}"
EndProject
Project("{FAE04EC0-301F-11D3-BF4B-00C04F79EFBC}") = "SonicInspectioniPhone", "SonicInspectioniPhone\SonicInspectioniPhone.csproj", "{E5EF7E53-4B58-4753-92C0-8FC1AD14665E}"
EndProject
Project("{FAE04EC0-301F-11D3-BF4B-00C04F79EFBC}") = "eRIMS_Sonic_OutlookAddIn", "eRIMS_Sonic_OutlookAddIn\eRIMS_Sonic_OutlookAddIn.csproj", "{54C786E5-FD14-4036-92AE-E9F25B71534B}"
EndProject
Project("{54435603-DBB4-11D2-8724-00A0C9A8B90C}") = "eRIMS_Sonic_OutlookAddInSetup", "eRIMS_Sonic_OutlookAddInSetup\eRIMS_Sonic_OutlookAddInSetup.vdproj", "{840C987A-F770-44E9-A704-858FFAD5B86E}"
EndProject
Project("{FAE04EC0-301F-11D3-BF4B-00C04F79EFBC}") = "ERIMS_Sonic_EmailScheduler", "ERIMS_Sonic_EmailScheduler\ERIMS_Sonic_EmailScheduler.csproj", "{0C64B40B-4D92-4A46-8885-8E63D2B43695}"
EndProject
Project("{54435603-DBB4-11D2-8724-00A0C9A8B90C}") = "ERIMS_Sonic_EmailSchedulerSetup", "ERIMS_Sonic_EmailSchedulerSetup\ERIMS_Sonic_EmailSchedulerSetup.vdproj", "{DF84EE5B-FC4F-48AC-B06F-69233A4A72F1}"
EndProject
Project("{FAE04EC0-301F-11D3-BF4B-00C04F79EFBC}") = "Erims_ACI_ImportEvent_Mail", "Erims_ACI_ImportEvent_Mail\Erims_ACI_ImportEvent_Mail.csproj", "{762046F0-8F41-40D9-9868-1022C4C218A9}"
EndProject
Project("{54435603-DBB4-11D2-8724-00A0C9A8B90C}") = "ERIMS_ACI_Import_Event__MailSetup", "ERIMS_ACI_Import_Event__MailSetup\ERIMS_ACI_Import_Event__MailSetup.vdproj", "{1117678D-6940-4F33-8A5C-69BB40FF7DF5}"
EndProject
Project("{FAE04EC0-301F-11D3-BF4B-00C04F79EFBC}") = "DownloadSFTP", "DownloadSFTP\DownloadSFTP.csproj", "{9F0099D2-6CA5-47E4-AACD-C1EDE48DD30D}"
EndProject
Global
	GlobalSection(SubversionScc) = preSolution
		Svn-Managed = True
		Manager = AnkhSVN - Subversion Support for Visual Studio
	EndGlobalSection
	GlobalSection(SolutionConfigurationPlatforms) = preSolution
		Debug|.NET = Debug|.NET
		Debug|Any CPU = Debug|Any CPU
		Debug|Mixed Platforms = Debug|Mixed Platforms
		Debug|x86 = Debug|x86
		Release|.NET = Release|.NET
		Release|Any CPU = Release|Any CPU
		Release|Mixed Platforms = Release|Mixed Platforms
		Release|x86 = Release|x86
	EndGlobalSection
	GlobalSection(ProjectConfigurationPlatforms) = postSolution
		{873668A3-CF20-455D-8E66-E1085F88B5FE}.Debug|.NET.ActiveCfg = Debug|Any CPU
		{873668A3-CF20-455D-8E66-E1085F88B5FE}.Debug|Any CPU.ActiveCfg = Debug|Any CPU
		{873668A3-CF20-455D-8E66-E1085F88B5FE}.Debug|Any CPU.Build.0 = Debug|Any CPU
		{873668A3-CF20-455D-8E66-E1085F88B5FE}.Debug|Mixed Platforms.ActiveCfg = Debug|Any CPU
		{873668A3-CF20-455D-8E66-E1085F88B5FE}.Debug|x86.ActiveCfg = Debug|Any CPU
		{873668A3-CF20-455D-8E66-E1085F88B5FE}.Release|.NET.ActiveCfg = Release|Any CPU
		{873668A3-CF20-455D-8E66-E1085F88B5FE}.Release|Any CPU.ActiveCfg = Release|Any CPU
		{873668A3-CF20-455D-8E66-E1085F88B5FE}.Release|Any CPU.Build.0 = Release|Any CPU
		{873668A3-CF20-455D-8E66-E1085F88B5FE}.Release|Mixed Platforms.ActiveCfg = Release|Any CPU
		{873668A3-CF20-455D-8E66-E1085F88B5FE}.Release|Mixed Platforms.Build.0 = Release|Any CPU
		{873668A3-CF20-455D-8E66-E1085F88B5FE}.Release|x86.ActiveCfg = Release|Any CPU
		{EAE98DC6-F882-4587-A9AB-8BD7B1A017C2}.Debug|.NET.ActiveCfg = Debug
		{EAE98DC6-F882-4587-A9AB-8BD7B1A017C2}.Debug|Any CPU.ActiveCfg = Debug
		{EAE98DC6-F882-4587-A9AB-8BD7B1A017C2}.Debug|Mixed Platforms.ActiveCfg = Debug
		{EAE98DC6-F882-4587-A9AB-8BD7B1A017C2}.Debug|x86.ActiveCfg = Debug
		{EAE98DC6-F882-4587-A9AB-8BD7B1A017C2}.Debug|x86.Build.0 = Debug
		{EAE98DC6-F882-4587-A9AB-8BD7B1A017C2}.Release|.NET.ActiveCfg = Release
		{EAE98DC6-F882-4587-A9AB-8BD7B1A017C2}.Release|Any CPU.ActiveCfg = Release
		{EAE98DC6-F882-4587-A9AB-8BD7B1A017C2}.Release|Mixed Platforms.ActiveCfg = Release
		{EAE98DC6-F882-4587-A9AB-8BD7B1A017C2}.Release|x86.ActiveCfg = Release
		{EAE98DC6-F882-4587-A9AB-8BD7B1A017C2}.Release|x86.Build.0 = Release
		{F0379B88-4EA0-4DB4-834C-74555193CD80}.Debug|.NET.ActiveCfg = Debug|Any CPU
		{F0379B88-4EA0-4DB4-834C-74555193CD80}.Debug|Any CPU.ActiveCfg = Debug|Any CPU
		{F0379B88-4EA0-4DB4-834C-74555193CD80}.Debug|Any CPU.Build.0 = Debug|Any CPU
		{F0379B88-4EA0-4DB4-834C-74555193CD80}.Debug|Mixed Platforms.ActiveCfg = Debug|Any CPU
		{F0379B88-4EA0-4DB4-834C-74555193CD80}.Debug|Mixed Platforms.Build.0 = Debug|Any CPU
		{F0379B88-4EA0-4DB4-834C-74555193CD80}.Debug|x86.ActiveCfg = Debug|Any CPU
		{F0379B88-4EA0-4DB4-834C-74555193CD80}.Release|.NET.ActiveCfg = Debug|Any CPU
		{F0379B88-4EA0-4DB4-834C-74555193CD80}.Release|Any CPU.ActiveCfg = Debug|Any CPU
		{F0379B88-4EA0-4DB4-834C-74555193CD80}.Release|Any CPU.Build.0 = Debug|Any CPU
		{F0379B88-4EA0-4DB4-834C-74555193CD80}.Release|Mixed Platforms.ActiveCfg = Debug|Any CPU
		{F0379B88-4EA0-4DB4-834C-74555193CD80}.Release|Mixed Platforms.Build.0 = Debug|Any CPU
		{F0379B88-4EA0-4DB4-834C-74555193CD80}.Release|x86.ActiveCfg = Debug|Any CPU
		{F5B9501E-93C3-4765-BD5E-0D54D9499267}.Debug|.NET.ActiveCfg = Debug|Any CPU
		{F5B9501E-93C3-4765-BD5E-0D54D9499267}.Debug|Any CPU.ActiveCfg = Debug|Any CPU
		{F5B9501E-93C3-4765-BD5E-0D54D9499267}.Debug|Any CPU.Build.0 = Debug|Any CPU
		{F5B9501E-93C3-4765-BD5E-0D54D9499267}.Debug|Mixed Platforms.ActiveCfg = Debug|Any CPU
		{F5B9501E-93C3-4765-BD5E-0D54D9499267}.Debug|x86.ActiveCfg = Debug|Any CPU
		{F5B9501E-93C3-4765-BD5E-0D54D9499267}.Release|.NET.ActiveCfg = Release|Any CPU
		{F5B9501E-93C3-4765-BD5E-0D54D9499267}.Release|Any CPU.ActiveCfg = Release|Any CPU
		{F5B9501E-93C3-4765-BD5E-0D54D9499267}.Release|Any CPU.Build.0 = Release|Any CPU
		{F5B9501E-93C3-4765-BD5E-0D54D9499267}.Release|Mixed Platforms.ActiveCfg = Release|Any CPU
		{F5B9501E-93C3-4765-BD5E-0D54D9499267}.Release|Mixed Platforms.Build.0 = Release|Any CPU
		{F5B9501E-93C3-4765-BD5E-0D54D9499267}.Release|x86.ActiveCfg = Release|Any CPU
		{6E950118-238A-48FF-8F70-E023CCC1EC65}.Debug|.NET.ActiveCfg = Debug
		{6E950118-238A-48FF-8F70-E023CCC1EC65}.Debug|Any CPU.ActiveCfg = Debug
		{6E950118-238A-48FF-8F70-E023CCC1EC65}.Debug|Mixed Platforms.ActiveCfg = Debug
		{6E950118-238A-48FF-8F70-E023CCC1EC65}.Debug|x86.ActiveCfg = Debug
		{6E950118-238A-48FF-8F70-E023CCC1EC65}.Debug|x86.Build.0 = Debug
		{6E950118-238A-48FF-8F70-E023CCC1EC65}.Release|.NET.ActiveCfg = Release
		{6E950118-238A-48FF-8F70-E023CCC1EC65}.Release|Any CPU.ActiveCfg = Release
		{6E950118-238A-48FF-8F70-E023CCC1EC65}.Release|Mixed Platforms.ActiveCfg = Release
		{6E950118-238A-48FF-8F70-E023CCC1EC65}.Release|x86.ActiveCfg = Release
		{6E950118-238A-48FF-8F70-E023CCC1EC65}.Release|x86.Build.0 = Release
		{8279DDEC-C655-4C5A-B894-123527C085FA}.Debug|.NET.ActiveCfg = Debug|Any CPU
		{8279DDEC-C655-4C5A-B894-123527C085FA}.Debug|Any CPU.ActiveCfg = Debug|Any CPU
		{8279DDEC-C655-4C5A-B894-123527C085FA}.Debug|Any CPU.Build.0 = Debug|Any CPU
		{8279DDEC-C655-4C5A-B894-123527C085FA}.Debug|Mixed Platforms.ActiveCfg = Debug|Any CPU
		{8279DDEC-C655-4C5A-B894-123527C085FA}.Debug|x86.ActiveCfg = Debug|Any CPU
		{8279DDEC-C655-4C5A-B894-123527C085FA}.Release|.NET.ActiveCfg = Release|Any CPU
		{8279DDEC-C655-4C5A-B894-123527C085FA}.Release|Any CPU.ActiveCfg = Release|Any CPU
		{8279DDEC-C655-4C5A-B894-123527C085FA}.Release|Any CPU.Build.0 = Release|Any CPU
		{8279DDEC-C655-4C5A-B894-123527C085FA}.Release|Mixed Platforms.ActiveCfg = Release|Any CPU
		{8279DDEC-C655-4C5A-B894-123527C085FA}.Release|Mixed Platforms.Build.0 = Release|Any CPU
		{8279DDEC-C655-4C5A-B894-123527C085FA}.Release|x86.ActiveCfg = Release|Any CPU
		{E5EF7E53-4B58-4753-92C0-8FC1AD14665E}.Debug|.NET.ActiveCfg = Debug|Any CPU
		{E5EF7E53-4B58-4753-92C0-8FC1AD14665E}.Debug|Any CPU.ActiveCfg = Debug|Any CPU
		{E5EF7E53-4B58-4753-92C0-8FC1AD14665E}.Debug|Any CPU.Build.0 = Debug|Any CPU
		{E5EF7E53-4B58-4753-92C0-8FC1AD14665E}.Debug|Mixed Platforms.ActiveCfg = Debug|Any CPU
		{E5EF7E53-4B58-4753-92C0-8FC1AD14665E}.Debug|x86.ActiveCfg = Debug|Any CPU
		{E5EF7E53-4B58-4753-92C0-8FC1AD14665E}.Release|.NET.ActiveCfg = Release|Any CPU
		{E5EF7E53-4B58-4753-92C0-8FC1AD14665E}.Release|Any CPU.ActiveCfg = Release|Any CPU
		{E5EF7E53-4B58-4753-92C0-8FC1AD14665E}.Release|Any CPU.Build.0 = Release|Any CPU
		{E5EF7E53-4B58-4753-92C0-8FC1AD14665E}.Release|Mixed Platforms.ActiveCfg = Release|Any CPU
		{E5EF7E53-4B58-4753-92C0-8FC1AD14665E}.Release|Mixed Platforms.Build.0 = Release|Any CPU
		{E5EF7E53-4B58-4753-92C0-8FC1AD14665E}.Release|x86.ActiveCfg = Release|Any CPU
		{54C786E5-FD14-4036-92AE-E9F25B71534B}.Debug|.NET.ActiveCfg = Debug|Any CPU
		{54C786E5-FD14-4036-92AE-E9F25B71534B}.Debug|Any CPU.ActiveCfg = Debug|Any CPU
		{54C786E5-FD14-4036-92AE-E9F25B71534B}.Debug|Any CPU.Build.0 = Debug|Any CPU
		{54C786E5-FD14-4036-92AE-E9F25B71534B}.Debug|Mixed Platforms.ActiveCfg = Debug|Any CPU
		{54C786E5-FD14-4036-92AE-E9F25B71534B}.Debug|Mixed Platforms.Build.0 = Debug|Any CPU
		{54C786E5-FD14-4036-92AE-E9F25B71534B}.Debug|x86.ActiveCfg = Debug|Any CPU
		{54C786E5-FD14-4036-92AE-E9F25B71534B}.Release|.NET.ActiveCfg = Release|Any CPU
		{54C786E5-FD14-4036-92AE-E9F25B71534B}.Release|Any CPU.ActiveCfg = Release|Any CPU
		{54C786E5-FD14-4036-92AE-E9F25B71534B}.Release|Any CPU.Build.0 = Release|Any CPU
		{54C786E5-FD14-4036-92AE-E9F25B71534B}.Release|Mixed Platforms.ActiveCfg = Release|Any CPU
		{54C786E5-FD14-4036-92AE-E9F25B71534B}.Release|Mixed Platforms.Build.0 = Release|Any CPU
		{54C786E5-FD14-4036-92AE-E9F25B71534B}.Release|x86.ActiveCfg = Release|Any CPU
		{840C987A-F770-44E9-A704-858FFAD5B86E}.Debug|.NET.ActiveCfg = Debug
		{840C987A-F770-44E9-A704-858FFAD5B86E}.Debug|Any CPU.ActiveCfg = Debug
		{840C987A-F770-44E9-A704-858FFAD5B86E}.Debug|Mixed Platforms.ActiveCfg = Debug
		{840C987A-F770-44E9-A704-858FFAD5B86E}.Debug|x86.ActiveCfg = Debug
		{840C987A-F770-44E9-A704-858FFAD5B86E}.Debug|x86.Build.0 = Debug
		{840C987A-F770-44E9-A704-858FFAD5B86E}.Release|.NET.ActiveCfg = Release
		{840C987A-F770-44E9-A704-858FFAD5B86E}.Release|Any CPU.ActiveCfg = Release
		{840C987A-F770-44E9-A704-858FFAD5B86E}.Release|Mixed Platforms.ActiveCfg = Release
		{840C987A-F770-44E9-A704-858FFAD5B86E}.Release|x86.ActiveCfg = Release
		{840C987A-F770-44E9-A704-858FFAD5B86E}.Release|x86.Build.0 = Release
		{0C64B40B-4D92-4A46-8885-8E63D2B43695}.Debug|.NET.ActiveCfg = Debug|Any CPU
		{0C64B40B-4D92-4A46-8885-8E63D2B43695}.Debug|Any CPU.ActiveCfg = Debug|Any CPU
		{0C64B40B-4D92-4A46-8885-8E63D2B43695}.Debug|Any CPU.Build.0 = Debug|Any CPU
		{0C64B40B-4D92-4A46-8885-8E63D2B43695}.Debug|Mixed Platforms.ActiveCfg = Debug|x86
		{0C64B40B-4D92-4A46-8885-8E63D2B43695}.Debug|Mixed Platforms.Build.0 = Debug|x86
		{0C64B40B-4D92-4A46-8885-8E63D2B43695}.Debug|x86.ActiveCfg = Debug|x86
		{0C64B40B-4D92-4A46-8885-8E63D2B43695}.Debug|x86.Build.0 = Debug|x86
		{0C64B40B-4D92-4A46-8885-8E63D2B43695}.Release|.NET.ActiveCfg = Release|Any CPU
		{0C64B40B-4D92-4A46-8885-8E63D2B43695}.Release|Any CPU.ActiveCfg = Release|Any CPU
		{0C64B40B-4D92-4A46-8885-8E63D2B43695}.Release|Any CPU.Build.0 = Release|Any CPU
		{0C64B40B-4D92-4A46-8885-8E63D2B43695}.Release|Mixed Platforms.ActiveCfg = Release|x86
		{0C64B40B-4D92-4A46-8885-8E63D2B43695}.Release|Mixed Platforms.Build.0 = Release|x86
		{0C64B40B-4D92-4A46-8885-8E63D2B43695}.Release|x86.ActiveCfg = Release|x86
		{0C64B40B-4D92-4A46-8885-8E63D2B43695}.Release|x86.Build.0 = Release|x86
		{DF84EE5B-FC4F-48AC-B06F-69233A4A72F1}.Debug|.NET.ActiveCfg = Debug
		{DF84EE5B-FC4F-48AC-B06F-69233A4A72F1}.Debug|.NET.Build.0 = Debug
		{DF84EE5B-FC4F-48AC-B06F-69233A4A72F1}.Debug|Any CPU.ActiveCfg = Debug
		{DF84EE5B-FC4F-48AC-B06F-69233A4A72F1}.Debug|Any CPU.Build.0 = Debug
		{DF84EE5B-FC4F-48AC-B06F-69233A4A72F1}.Debug|Mixed Platforms.ActiveCfg = Debug
		{DF84EE5B-FC4F-48AC-B06F-69233A4A72F1}.Debug|Mixed Platforms.Build.0 = Debug
		{DF84EE5B-FC4F-48AC-B06F-69233A4A72F1}.Debug|x86.ActiveCfg = Debug
		{DF84EE5B-FC4F-48AC-B06F-69233A4A72F1}.Debug|x86.Build.0 = Debug
		{DF84EE5B-FC4F-48AC-B06F-69233A4A72F1}.Release|.NET.ActiveCfg = Release
		{DF84EE5B-FC4F-48AC-B06F-69233A4A72F1}.Release|.NET.Build.0 = Release
		{DF84EE5B-FC4F-48AC-B06F-69233A4A72F1}.Release|Any CPU.ActiveCfg = Release
		{DF84EE5B-FC4F-48AC-B06F-69233A4A72F1}.Release|Any CPU.Build.0 = Release
		{DF84EE5B-FC4F-48AC-B06F-69233A4A72F1}.Release|Mixed Platforms.ActiveCfg = Release
		{DF84EE5B-FC4F-48AC-B06F-69233A4A72F1}.Release|Mixed Platforms.Build.0 = Release
		{DF84EE5B-FC4F-48AC-B06F-69233A4A72F1}.Release|x86.ActiveCfg = Release
		{DF84EE5B-FC4F-48AC-B06F-69233A4A72F1}.Release|x86.Build.0 = Release
		{762046F0-8F41-40D9-9868-1022C4C218A9}.Debug|.NET.ActiveCfg = Debug|Any CPU
		{762046F0-8F41-40D9-9868-1022C4C218A9}.Debug|Any CPU.ActiveCfg = Debug|Any CPU
		{762046F0-8F41-40D9-9868-1022C4C218A9}.Debug|Any CPU.Build.0 = Debug|Any CPU
		{762046F0-8F41-40D9-9868-1022C4C218A9}.Debug|Mixed Platforms.ActiveCfg = Debug|Any CPU
		{762046F0-8F41-40D9-9868-1022C4C218A9}.Debug|Mixed Platforms.Build.0 = Debug|Any CPU
		{762046F0-8F41-40D9-9868-1022C4C218A9}.Debug|x86.ActiveCfg = Debug|Any CPU
		{762046F0-8F41-40D9-9868-1022C4C218A9}.Release|.NET.ActiveCfg = Release|Any CPU
		{762046F0-8F41-40D9-9868-1022C4C218A9}.Release|Any CPU.ActiveCfg = Release|Any CPU
		{762046F0-8F41-40D9-9868-1022C4C218A9}.Release|Any CPU.Build.0 = Release|Any CPU
		{762046F0-8F41-40D9-9868-1022C4C218A9}.Release|Mixed Platforms.ActiveCfg = Release|Any CPU
		{762046F0-8F41-40D9-9868-1022C4C218A9}.Release|Mixed Platforms.Build.0 = Release|Any CPU
		{762046F0-8F41-40D9-9868-1022C4C218A9}.Release|x86.ActiveCfg = Release|Any CPU
		{1117678D-6940-4F33-8A5C-69BB40FF7DF5}.Debug|.NET.ActiveCfg = Debug
		{1117678D-6940-4F33-8A5C-69BB40FF7DF5}.Debug|.NET.Build.0 = Debug
		{1117678D-6940-4F33-8A5C-69BB40FF7DF5}.Debug|Any CPU.ActiveCfg = Debug
		{1117678D-6940-4F33-8A5C-69BB40FF7DF5}.Debug|Any CPU.Build.0 = Debug
		{1117678D-6940-4F33-8A5C-69BB40FF7DF5}.Debug|Mixed Platforms.ActiveCfg = Debug
		{1117678D-6940-4F33-8A5C-69BB40FF7DF5}.Debug|Mixed Platforms.Build.0 = Debug
		{1117678D-6940-4F33-8A5C-69BB40FF7DF5}.Debug|x86.ActiveCfg = Debug
		{1117678D-6940-4F33-8A5C-69BB40FF7DF5}.Debug|x86.Build.0 = Debug
		{1117678D-6940-4F33-8A5C-69BB40FF7DF5}.Release|.NET.ActiveCfg = Release
		{1117678D-6940-4F33-8A5C-69BB40FF7DF5}.Release|.NET.Build.0 = Release
		{1117678D-6940-4F33-8A5C-69BB40FF7DF5}.Release|Any CPU.ActiveCfg = Release
		{1117678D-6940-4F33-8A5C-69BB40FF7DF5}.Release|Any CPU.Build.0 = Release
		{1117678D-6940-4F33-8A5C-69BB40FF7DF5}.Release|Mixed Platforms.ActiveCfg = Release
		{1117678D-6940-4F33-8A5C-69BB40FF7DF5}.Release|Mixed Platforms.Build.0 = Release
		{1117678D-6940-4F33-8A5C-69BB40FF7DF5}.Release|x86.ActiveCfg = Release
		{1117678D-6940-4F33-8A5C-69BB40FF7DF5}.Release|x86.Build.0 = Release
		{9F0099D2-6CA5-47E4-AACD-C1EDE48DD30D}.Debug|.NET.ActiveCfg = Debug|Any CPU
		{9F0099D2-6CA5-47E4-AACD-C1EDE48DD30D}.Debug|Any CPU.ActiveCfg = Debug|Any CPU
		{9F0099D2-6CA5-47E4-AACD-C1EDE48DD30D}.Debug|Any CPU.Build.0 = Debug|Any CPU
		{9F0099D2-6CA5-47E4-AACD-C1EDE48DD30D}.Debug|Mixed Platforms.ActiveCfg = Debug|Any CPU
		{9F0099D2-6CA5-47E4-AACD-C1EDE48DD30D}.Debug|Mixed Platforms.Build.0 = Debug|Any CPU
		{9F0099D2-6CA5-47E4-AACD-C1EDE48DD30D}.Debug|x86.ActiveCfg = Debug|Any CPU
		{9F0099D2-6CA5-47E4-AACD-C1EDE48DD30D}.Release|.NET.ActiveCfg = Release|Any CPU
		{9F0099D2-6CA5-47E4-AACD-C1EDE48DD30D}.Release|Any CPU.ActiveCfg = Release|Any CPU
		{9F0099D2-6CA5-47E4-AACD-C1EDE48DD30D}.Release|Any CPU.Build.0 = Release|Any CPU
		{9F0099D2-6CA5-47E4-AACD-C1EDE48DD30D}.Release|Mixed Platforms.ActiveCfg = Release|Any CPU
		{9F0099D2-6CA5-47E4-AACD-C1EDE48DD30D}.Release|Mixed Platforms.Build.0 = Release|Any CPU
		{9F0099D2-6CA5-47E4-AACD-C1EDE48DD30D}.Release|x86.ActiveCfg = Release|Any CPU
	EndGlobalSection
	GlobalSection(SolutionProperties) = preSolution
		HideSolutionNode = FALSE
	EndGlobalSection
EndGlobal
